
Microsoft Visual Studio Solution File, Format Version 12.00
# Visual Studio Version 17
VisualStudioVersion = 17.8.34316.72
MinimumVisualStudioVersion = 10.0.40219.1
Project("{FAE04EC0-301F-11D3-BF4B-00C04F79EFBC}") = "Model", "Model\Model.csproj", "{C08658A4-AE85-4A2E-8F50-62FFFB6E578C}"
EndProject
Project("{FAE04EC0-301F-11D3-BF4B-00C04F79EFBC}") = "Controller", "Controller\Controller.csproj", "{2AA9FCDC-3091-4B57-8602-47080A5DD680}"
EndProject
Project("{FAE04EC0-301F-11D3-BF4B-00C04F79EFBC}") = "View", "View\View.csproj", "{BFDA747D-DFCF-4E33-853B-EA267AB23D4C}"
EndProject
Project("{FAE04EC0-301F-11D3-BF4B-00C04F79EFBC}") = "Datos", "Datos\Datos.csproj", "{DA44C31E-A932-481A-903D-4D085983C51C}"
EndProject
Global
	GlobalSection(SolutionConfigurationPlatforms) = preSolution
		Debug|Any CPU = Debug|Any CPU
		Release|Any CPU = Release|Any CPU
	EndGlobalSection
	GlobalSection(ProjectConfigurationPlatforms) = postSolution
		{C08658A4-AE85-4A2E-8F50-62FFFB6E578C}.Debug|Any CPU.ActiveCfg = Debug|Any CPU
		{C08658A4-AE85-4A2E-8F50-62FFFB6E578C}.Debug|Any CPU.Build.0 = Debug|Any CPU
		{C08658A4-AE85-4A2E-8F50-62FFFB6E578C}.Release|Any CPU.ActiveCfg = Release|Any CPU
		{C08658A4-AE85-4A2E-8F50-62FFFB6E578C}.Release|Any CPU.Build.0 = Release|Any CPU
		{2AA9FCDC-3091-4B57-8602-47080A5DD680}.Debug|Any CPU.ActiveCfg = Debug|Any CPU
		{2AA9FCDC-3091-4B57-8602-47080A5DD680}.Debug|Any CPU.Build.0 = Debug|Any CPU
		{2AA9FCDC-3091-4B57-8602-47080A5DD680}.Release|Any CPU.ActiveCfg = Release|Any CPU
		{2AA9FCDC-3091-4B57-8602-47080A5DD680}.Release|Any CPU.Build.0 = Release|Any CPU
		{BFDA747D-DFCF-4E33-853B-EA267AB23D4C}.Debug|Any CPU.ActiveCfg = Debug|Any CPU
		{BFDA747D-DFCF-4E33-853B-EA267AB23D4C}.Debug|Any CPU.Build.0 = Debug|Any CPU
		{BFDA747D-DFCF-4E33-853B-EA267AB23D4C}.Release|Any CPU.ActiveCfg = Release|Any CPU
		{BFDA747D-DFCF-4E33-853B-EA267AB23D4C}.Release|Any CPU.Build.0 = Release|Any CPU
		{DA44C31E-A932-481A-903D-4D085983C51C}.Debug|Any CPU.ActiveCfg = Debug|Any CPU
		{DA44C31E-A932-481A-903D-4D085983C51C}.Debug|Any CPU.Build.0 = Debug|Any CPU
		{DA44C31E-A932-481A-903D-4D085983C51C}.Release|Any CPU.ActiveCfg = Release|Any CPU
		{DA44C31E-A932-481A-903D-4D085983C51C}.Release|Any CPU.Build.0 = Release|Any CPU
	EndGlobalSection
	GlobalSection(SolutionProperties) = preSolution
		HideSolutionNode = FALSE
	EndGlobalSection
	GlobalSection(ExtensibilityGlobals) = postSolution
		SolutionGuid = {35B60832-FCAF-40BD-81CC-B3BD41DC0A88}
	EndGlobalSection
EndGlobal
